
Microsoft Visual Studio Solution File, Format Version 10.00
# Visual Studio 2008
Project("{FAE04EC0-301F-11D3-BF4B-00C04F79EFBC}") = "DA.LabourHours", "DA.LabourHours\DA.LabourHours.csproj", "{20E11C1C-31A5-4E1D-9393-8E000FBB12ED}"
EndProject
Project("{FAE04EC0-301F-11D3-BF4B-00C04F79EFBC}") = "DA.Projects", "DA.Projects\DA.Projects.csproj", "{94F2537E-6075-4EA6-83EB-393A48DEFBB5}"
EndProject
Project("{FAE04EC0-301F-11D3-BF4B-00C04F79EFBC}") = "DA.RAF", "DA.RAF\DA.RAF.csproj", "{A7412996-397D-4881-B6E1-88F52435368A}"
EndProject
Project("{FAE04EC0-301F-11D3-BF4B-00C04F79EFBC}") = "Tools", "Tools\Tools.csproj", "{16842E60-30B0-414A-8FFA-0AC20F8B9B67}"
EndProject
Project("{FAE04EC0-301F-11D3-BF4B-00C04F79EFBC}") = "BL.CWP", "BL.CWP\BL.CWP.csproj", "{E0635C37-F685-4868-B8AB-AC7BBBBD7D10}"
EndProject
Project("{FAE04EC0-301F-11D3-BF4B-00C04F79EFBC}") = "DA.CWP", "DA.CWP\DA.CWP.csproj", "{946577F7-3264-4C79-B032-7F2DE3831002}"
EndProject
Project("{FAE04EC0-301F-11D3-BF4B-00C04F79EFBC}") = "BL.Services", "BL.Services\BL.Services.csproj", "{89A3BA3D-7B5F-41E2-98B5-F56147C02A3A}"
EndProject
Project("{FAE04EC0-301F-11D3-BF4B-00C04F79EFBC}") = "DA.Services", "DA.Services\DA.Services.csproj", "{77E4B9B7-C56A-4D8A-99E2-4CA29EEA183F}"
EndProject
Project("{FAE04EC0-301F-11D3-BF4B-00C04F79EFBC}") = "BL.Assets", "BL.Assets\BL.Assets.csproj", "{A8A8C4ED-3D5C-4BB5-A3DA-DDBCA1FE8FF2}"
EndProject
Project("{FAE04EC0-301F-11D3-BF4B-00C04F79EFBC}") = "DA.Assets", "DA.Assets\DA.Assets.csproj", "{530AB705-0919-4EF4-AC9E-C8FFC3BFB3BD}"
EndProject
Project("{FAE04EC0-301F-11D3-BF4B-00C04F79EFBC}") = "BL.FleetManagement", "BL.FleetManagement\BL.FleetManagement.csproj", "{D49E58B6-A7EE-4B29-B5B1-D19CFC85D527}"
EndProject
Project("{FAE04EC0-301F-11D3-BF4B-00C04F79EFBC}") = "DA.FleetManagement", "DA.FleetManagement\DA.FleetManagement.csproj", "{80016E93-9B76-4284-9018-B0D156B5DC2D}"
EndProject
Project("{54435603-DBB4-11D2-8724-00A0C9A8B90C}") = "WebSetup", "WebSetup\WebSetup.vdproj", "{EEB50D72-A5F5-4A32-B781-AF17374665F7}"
EndProject
Project("{FAE04EC0-301F-11D3-BF4B-00C04F79EFBC}") = "DA.Resources", "DA.Resources\DA.Resources.csproj", "{337C14FC-8E53-45E5-9687-6B86AEE5BC2F}"
EndProject
Project("{FAE04EC0-301F-11D3-BF4B-00C04F79EFBC}") = "BL.Resources", "BL.Resources\BL.Resources.csproj", "{D8EBE1D8-6FD3-4E9C-BF1B-21433E232C11}"
EndProject
Project("{FAE04EC0-301F-11D3-BF4B-00C04F79EFBC}") = "WebUI", "WebUI\WebUI.csproj", "{2D3656CA-3B1A-44A1-8808-311085E1B1F5}"
EndProject
Project("{FAE04EC0-301F-11D3-BF4B-00C04F79EFBC}") = "BL.Projects", "BL.Projects\BL.Projects.csproj", "{44AB722F-BBD2-4346-9B18-59F42D35F30B}"
EndProject
Project("{FAE04EC0-301F-11D3-BF4B-00C04F79EFBC}") = "BL.Company", "BL.Company\BL.Company.csproj", "{4AD5F439-EF27-4B40-BD6A-B25B2E38F9A7}"
EndProject
Project("{FAE04EC0-301F-11D3-BF4B-00C04F79EFBC}") = "BL.LabourHours", "BL.LabourHours\BL.LabourHours.csproj", "{3BDA8120-4A44-4646-BE56-41C8D5F6881E}"
EndProject
Project("{FAE04EC0-301F-11D3-BF4B-00C04F79EFBC}") = "BL.RAF", "BL.RAF\BL.RAF.csproj", "{9FFC3EA7-EC1E-44BF-B7EC-91545BCD7ACF}"
EndProject
Project("{FAE04EC0-301F-11D3-BF4B-00C04F79EFBC}") = "DA.Company", "DA.Company\DA.Company.csproj", "{7B9D803C-0415-4770-84DA-EA866443EAF3}"
EndProject
Project("{FAE04EC0-301F-11D3-BF4B-00C04F79EFBC}") = "CWP", "CWP\CWP.csproj", "{0E8CBAD9-186D-4CF5-A163-314FB77A3DBC}"
EndProject
Project("{FAE04EC0-301F-11D3-BF4B-00C04F79EFBC}") = "DA.ITTechSupportTicket", "DA.ITTechSupportTicket\DA.ITTechSupportTicket.csproj", "{30882274-F34B-40F9-AC12-9382347C2EE4}"
EndProject
Project("{FAE04EC0-301F-11D3-BF4B-00C04F79EFBC}") = "BL.ITTechSupportTicket", "BL.ITTechSupportTicket\BL.ITTechSupportTicket.csproj", "{75443F4F-BE39-496C-A272-E438AA124E05}"
EndProject
Global
	GlobalSection(SolutionConfigurationPlatforms) = preSolution
		Debug|Any CPU = Debug|Any CPU
		Release|Any CPU = Release|Any CPU
	EndGlobalSection
	GlobalSection(ProjectConfigurationPlatforms) = postSolution
		{20E11C1C-31A5-4E1D-9393-8E000FBB12ED}.Debug|Any CPU.ActiveCfg = Debug|Any CPU
		{20E11C1C-31A5-4E1D-9393-8E000FBB12ED}.Debug|Any CPU.Build.0 = Debug|Any CPU
		{20E11C1C-31A5-4E1D-9393-8E000FBB12ED}.Release|Any CPU.ActiveCfg = Release|Any CPU
		{20E11C1C-31A5-4E1D-9393-8E000FBB12ED}.Release|Any CPU.Build.0 = Release|Any CPU
		{94F2537E-6075-4EA6-83EB-393A48DEFBB5}.Debug|Any CPU.ActiveCfg = Debug|Any CPU
		{94F2537E-6075-4EA6-83EB-393A48DEFBB5}.Debug|Any CPU.Build.0 = Debug|Any CPU
		{94F2537E-6075-4EA6-83EB-393A48DEFBB5}.Release|Any CPU.ActiveCfg = Release|Any CPU
		{94F2537E-6075-4EA6-83EB-393A48DEFBB5}.Release|Any CPU.Build.0 = Release|Any CPU
		{A7412996-397D-4881-B6E1-88F52435368A}.Debug|Any CPU.ActiveCfg = Debug|Any CPU
		{A7412996-397D-4881-B6E1-88F52435368A}.Debug|Any CPU.Build.0 = Debug|Any CPU
		{A7412996-397D-4881-B6E1-88F52435368A}.Release|Any CPU.ActiveCfg = Release|Any CPU
		{A7412996-397D-4881-B6E1-88F52435368A}.Release|Any CPU.Build.0 = Release|Any CPU
		{16842E60-30B0-414A-8FFA-0AC20F8B9B67}.Debug|Any CPU.ActiveCfg = Debug|Any CPU
		{16842E60-30B0-414A-8FFA-0AC20F8B9B67}.Debug|Any CPU.Build.0 = Debug|Any CPU
		{16842E60-30B0-414A-8FFA-0AC20F8B9B67}.Release|Any CPU.ActiveCfg = Release|Any CPU
		{16842E60-30B0-414A-8FFA-0AC20F8B9B67}.Release|Any CPU.Build.0 = Release|Any CPU
		{E0635C37-F685-4868-B8AB-AC7BBBBD7D10}.Debug|Any CPU.ActiveCfg = Debug|Any CPU
		{E0635C37-F685-4868-B8AB-AC7BBBBD7D10}.Debug|Any CPU.Build.0 = Debug|Any CPU
		{E0635C37-F685-4868-B8AB-AC7BBBBD7D10}.Release|Any CPU.ActiveCfg = Release|Any CPU
		{E0635C37-F685-4868-B8AB-AC7BBBBD7D10}.Release|Any CPU.Build.0 = Release|Any CPU
		{946577F7-3264-4C79-B032-7F2DE3831002}.Debug|Any CPU.ActiveCfg = Debug|Any CPU
		{946577F7-3264-4C79-B032-7F2DE3831002}.Debug|Any CPU.Build.0 = Debug|Any CPU
		{946577F7-3264-4C79-B032-7F2DE3831002}.Release|Any CPU.ActiveCfg = Release|Any CPU
		{946577F7-3264-4C79-B032-7F2DE3831002}.Release|Any CPU.Build.0 = Release|Any CPU
		{89A3BA3D-7B5F-41E2-98B5-F56147C02A3A}.Debug|Any CPU.ActiveCfg = Debug|Any CPU
		{89A3BA3D-7B5F-41E2-98B5-F56147C02A3A}.Debug|Any CPU.Build.0 = Debug|Any CPU
		{89A3BA3D-7B5F-41E2-98B5-F56147C02A3A}.Release|Any CPU.ActiveCfg = Release|Any CPU
		{89A3BA3D-7B5F-41E2-98B5-F56147C02A3A}.Release|Any CPU.Build.0 = Release|Any CPU
		{77E4B9B7-C56A-4D8A-99E2-4CA29EEA183F}.Debug|Any CPU.ActiveCfg = Debug|Any CPU
		{77E4B9B7-C56A-4D8A-99E2-4CA29EEA183F}.Debug|Any CPU.Build.0 = Debug|Any CPU
		{77E4B9B7-C56A-4D8A-99E2-4CA29EEA183F}.Release|Any CPU.ActiveCfg = Release|Any CPU
		{77E4B9B7-C56A-4D8A-99E2-4CA29EEA183F}.Release|Any CPU.Build.0 = Release|Any CPU
		{A8A8C4ED-3D5C-4BB5-A3DA-DDBCA1FE8FF2}.Debug|Any CPU.ActiveCfg = Debug|Any CPU
		{A8A8C4ED-3D5C-4BB5-A3DA-DDBCA1FE8FF2}.Debug|Any CPU.Build.0 = Debug|Any CPU
		{A8A8C4ED-3D5C-4BB5-A3DA-DDBCA1FE8FF2}.Release|Any CPU.ActiveCfg = Release|Any CPU
		{A8A8C4ED-3D5C-4BB5-A3DA-DDBCA1FE8FF2}.Release|Any CPU.Build.0 = Release|Any CPU
		{530AB705-0919-4EF4-AC9E-C8FFC3BFB3BD}.Debug|Any CPU.ActiveCfg = Debug|Any CPU
		{530AB705-0919-4EF4-AC9E-C8FFC3BFB3BD}.Debug|Any CPU.Build.0 = Debug|Any CPU
		{530AB705-0919-4EF4-AC9E-C8FFC3BFB3BD}.Release|Any CPU.ActiveCfg = Release|Any CPU
		{530AB705-0919-4EF4-AC9E-C8FFC3BFB3BD}.Release|Any CPU.Build.0 = Release|Any CPU
		{D49E58B6-A7EE-4B29-B5B1-D19CFC85D527}.Debug|Any CPU.ActiveCfg = Debug|Any CPU
		{D49E58B6-A7EE-4B29-B5B1-D19CFC85D527}.Debug|Any CPU.Build.0 = Debug|Any CPU
		{D49E58B6-A7EE-4B29-B5B1-D19CFC85D527}.Release|Any CPU.ActiveCfg = Release|Any CPU
		{D49E58B6-A7EE-4B29-B5B1-D19CFC85D527}.Release|Any CPU.Build.0 = Release|Any CPU
		{80016E93-9B76-4284-9018-B0D156B5DC2D}.Debug|Any CPU.ActiveCfg = Debug|Any CPU
		{80016E93-9B76-4284-9018-B0D156B5DC2D}.Debug|Any CPU.Build.0 = Debug|Any CPU
		{80016E93-9B76-4284-9018-B0D156B5DC2D}.Release|Any CPU.ActiveCfg = Release|Any CPU
		{80016E93-9B76-4284-9018-B0D156B5DC2D}.Release|Any CPU.Build.0 = Release|Any CPU
		{EEB50D72-A5F5-4A32-B781-AF17374665F7}.Debug|Any CPU.ActiveCfg = Debug
		{EEB50D72-A5F5-4A32-B781-AF17374665F7}.Release|Any CPU.ActiveCfg = Release
		{337C14FC-8E53-45E5-9687-6B86AEE5BC2F}.Debug|Any CPU.ActiveCfg = Debug|Any CPU
		{337C14FC-8E53-45E5-9687-6B86AEE5BC2F}.Debug|Any CPU.Build.0 = Debug|Any CPU
		{337C14FC-8E53-45E5-9687-6B86AEE5BC2F}.Release|Any CPU.ActiveCfg = Release|Any CPU
		{337C14FC-8E53-45E5-9687-6B86AEE5BC2F}.Release|Any CPU.Build.0 = Release|Any CPU
		{D8EBE1D8-6FD3-4E9C-BF1B-21433E232C11}.Debug|Any CPU.ActiveCfg = Debug|Any CPU
		{D8EBE1D8-6FD3-4E9C-BF1B-21433E232C11}.Debug|Any CPU.Build.0 = Debug|Any CPU
		{D8EBE1D8-6FD3-4E9C-BF1B-21433E232C11}.Release|Any CPU.ActiveCfg = Release|Any CPU
		{D8EBE1D8-6FD3-4E9C-BF1B-21433E232C11}.Release|Any CPU.Build.0 = Release|Any CPU
		{2D3656CA-3B1A-44A1-8808-311085E1B1F5}.Debug|Any CPU.ActiveCfg = Debug|Any CPU
		{2D3656CA-3B1A-44A1-8808-311085E1B1F5}.Debug|Any CPU.Build.0 = Debug|Any CPU
		{2D3656CA-3B1A-44A1-8808-311085E1B1F5}.Release|Any CPU.ActiveCfg = Release|Any CPU
		{2D3656CA-3B1A-44A1-8808-311085E1B1F5}.Release|Any CPU.Build.0 = Release|Any CPU
		{44AB722F-BBD2-4346-9B18-59F42D35F30B}.Debug|Any CPU.ActiveCfg = Debug|Any CPU
		{44AB722F-BBD2-4346-9B18-59F42D35F30B}.Debug|Any CPU.Build.0 = Debug|Any CPU
		{44AB722F-BBD2-4346-9B18-59F42D35F30B}.Release|Any CPU.ActiveCfg = Release|Any CPU
		{44AB722F-BBD2-4346-9B18-59F42D35F30B}.Release|Any CPU.Build.0 = Release|Any CPU
		{4AD5F439-EF27-4B40-BD6A-B25B2E38F9A7}.Debug|Any CPU.ActiveCfg = Debug|Any CPU
		{4AD5F439-EF27-4B40-BD6A-B25B2E38F9A7}.Debug|Any CPU.Build.0 = Debug|Any CPU
		{4AD5F439-EF27-4B40-BD6A-B25B2E38F9A7}.Release|Any CPU.ActiveCfg = Release|Any CPU
		{4AD5F439-EF27-4B40-BD6A-B25B2E38F9A7}.Release|Any CPU.Build.0 = Release|Any CPU
		{3BDA8120-4A44-4646-BE56-41C8D5F6881E}.Debug|Any CPU.ActiveCfg = Debug|Any CPU
		{3BDA8120-4A44-4646-BE56-41C8D5F6881E}.Debug|Any CPU.Build.0 = Debug|Any CPU
		{3BDA8120-4A44-4646-BE56-41C8D5F6881E}.Release|Any CPU.ActiveCfg = Release|Any CPU
		{3BDA8120-4A44-4646-BE56-41C8D5F6881E}.Release|Any CPU.Build.0 = Release|Any CPU
		{9FFC3EA7-EC1E-44BF-B7EC-91545BCD7ACF}.Debug|Any CPU.ActiveCfg = Debug|Any CPU
		{9FFC3EA7-EC1E-44BF-B7EC-91545BCD7ACF}.Debug|Any CPU.Build.0 = Debug|Any CPU
		{9FFC3EA7-EC1E-44BF-B7EC-91545BCD7ACF}.Release|Any CPU.ActiveCfg = Release|Any CPU
		{9FFC3EA7-EC1E-44BF-B7EC-91545BCD7ACF}.Release|Any CPU.Build.0 = Release|Any CPU
		{7B9D803C-0415-4770-84DA-EA866443EAF3}.Debug|Any CPU.ActiveCfg = Debug|Any CPU
		{7B9D803C-0415-4770-84DA-EA866443EAF3}.Debug|Any CPU.Build.0 = Debug|Any CPU
		{7B9D803C-0415-4770-84DA-EA866443EAF3}.Release|Any CPU.ActiveCfg = Release|Any CPU
		{7B9D803C-0415-4770-84DA-EA866443EAF3}.Release|Any CPU.Build.0 = Release|Any CPU
		{0E8CBAD9-186D-4CF5-A163-314FB77A3DBC}.Debug|Any CPU.ActiveCfg = Debug|Any CPU
		{0E8CBAD9-186D-4CF5-A163-314FB77A3DBC}.Debug|Any CPU.Build.0 = Debug|Any CPU
		{0E8CBAD9-186D-4CF5-A163-314FB77A3DBC}.Release|Any CPU.ActiveCfg = Release|Any CPU
		{0E8CBAD9-186D-4CF5-A163-314FB77A3DBC}.Release|Any CPU.Build.0 = Release|Any CPU
		{30882274-F34B-40F9-AC12-9382347C2EE4}.Debug|Any CPU.ActiveCfg = Debug|Any CPU
		{30882274-F34B-40F9-AC12-9382347C2EE4}.Debug|Any CPU.Build.0 = Debug|Any CPU
		{30882274-F34B-40F9-AC12-9382347C2EE4}.Release|Any CPU.ActiveCfg = Release|Any CPU
		{30882274-F34B-40F9-AC12-9382347C2EE4}.Release|Any CPU.Build.0 = Release|Any CPU
		{75443F4F-BE39-496C-A272-E438AA124E05}.Debug|Any CPU.ActiveCfg = Debug|Any CPU
		{75443F4F-BE39-496C-A272-E438AA124E05}.Debug|Any CPU.Build.0 = Debug|Any CPU
		{75443F4F-BE39-496C-A272-E438AA124E05}.Release|Any CPU.ActiveCfg = Release|Any CPU
		{75443F4F-BE39-496C-A272-E438AA124E05}.Release|Any CPU.Build.0 = Release|Any CPU
	EndGlobalSection
	GlobalSection(SolutionProperties) = preSolution
		HideSolutionNode = FALSE
	EndGlobalSection
EndGlobal
